
Microsoft Visual Studio Solution File, Format Version 12.00
Project("{FAE04EC0-301F-11D3-BF4B-00C04F79EFBC}") = "SupermarketCheckout", "SupermarketCheckout\SupermarketCheckout.csproj", "{AE675EFF-6176-4B52-8F04-8E58105800A6}"
EndProject
Project("{FAE04EC0-301F-11D3-BF4B-00C04F79EFBC}") = "SupermarketCheckout.Tests", "SupermarketCheckout.Tests\SupermarketCheckout.Tests.csproj", "{BEF9FA65-05F1-4038-835E-9BB95EF8398A}"
EndProject
Global
	GlobalSection(SolutionConfigurationPlatforms) = preSolution
		Debug|Any CPU = Debug|Any CPU
		Release|Any CPU = Release|Any CPU
	EndGlobalSection
	GlobalSection(ProjectConfigurationPlatforms) = postSolution
		{AE675EFF-6176-4B52-8F04-8E58105800A6}.Debug|Any CPU.ActiveCfg = Debug|Any CPU
		{AE675EFF-6176-4B52-8F04-8E58105800A6}.Debug|Any CPU.Build.0 = Debug|Any CPU
		{AE675EFF-6176-4B52-8F04-8E58105800A6}.Release|Any CPU.ActiveCfg = Release|Any CPU
		{AE675EFF-6176-4B52-8F04-8E58105800A6}.Release|Any CPU.Build.0 = Release|Any CPU
		{BEF9FA65-05F1-4038-835E-9BB95EF8398A}.Debug|Any CPU.ActiveCfg = Debug|Any CPU
		{BEF9FA65-05F1-4038-835E-9BB95EF8398A}.Debug|Any CPU.Build.0 = Debug|Any CPU
		{BEF9FA65-05F1-4038-835E-9BB95EF8398A}.Release|Any CPU.ActiveCfg = Release|Any CPU
		{BEF9FA65-05F1-4038-835E-9BB95EF8398A}.Release|Any CPU.Build.0 = Release|Any CPU
	EndGlobalSection
EndGlobal
